// !$*UTF8*$!
{
	archiveVersion = 1;
	classes = {
	};
	objectVersion = 46;
	objects = {

/* Begin PBXBuildFile section */
		611FF0131889CD3B00448E65 /* ExampleViewController.m in Sources */ = {isa = PBXBuildFile; fileRef = 611FF0111889CD3B00448E65 /* ExampleViewController.m */; };
		611FF0141889CD3B00448E65 /* ExampleViewController.xib in Resources */ = {isa = PBXBuildFile; fileRef = 611FF0121889CD3B00448E65 /* ExampleViewController.xib */; };
		614506501888B13D00DC9AF7 /* Foundation.framework in Frameworks */ = {isa = PBXBuildFile; fileRef = 6145064F1888B13D00DC9AF7 /* Foundation.framework */; };
		614506521888B13D00DC9AF7 /* CoreGraphics.framework in Frameworks */ = {isa = PBXBuildFile; fileRef = 614506511888B13D00DC9AF7 /* CoreGraphics.framework */; };
		614506541888B13D00DC9AF7 /* UIKit.framework in Frameworks */ = {isa = PBXBuildFile; fileRef = 614506531888B13D00DC9AF7 /* UIKit.framework */; };
		6145065A1888B13D00DC9AF7 /* InfoPlist.strings in Resources */ = {isa = PBXBuildFile; fileRef = 614506581888B13D00DC9AF7 /* InfoPlist.strings */; };
		6145065C1888B13D00DC9AF7 /* main.m in Sources */ = {isa = PBXBuildFile; fileRef = 6145065B1888B13D00DC9AF7 /* main.m */; };
		614506621888B13D00DC9AF7 /* Images.xcassets in Resources */ = {isa = PBXBuildFile; fileRef = 614506611888B13D00DC9AF7 /* Images.xcassets */; };
		614506821888B2C200DC9AF7 /* AppDelegate.m in Sources */ = {isa = PBXBuildFile; fileRef = 614506811888B2C200DC9AF7 /* AppDelegate.m */; };
		614506851888B31A00DC9AF7 /* DGCommand.m in Sources */ = {isa = PBXBuildFile; fileRef = 614506841888B31A00DC9AF7 /* DGCommand.m */; };
/* End PBXBuildFile section */

/* Begin PBXFileReference section */
		611FF0101889CD3B00448E65 /* ExampleViewController.h */ = {isa = PBXFileReference; fileEncoding = 4; lastKnownFileType = sourcecode.c.h; name = ExampleViewController.h; path = "Example Classes/ExampleViewController.h"; sourceTree = "<group>"; };
		611FF0111889CD3B00448E65 /* ExampleViewController.m */ = {isa = PBXFileReference; fileEncoding = 4; lastKnownFileType = sourcecode.c.objc; name = ExampleViewController.m; path = "Example Classes/ExampleViewController.m"; sourceTree = "<group>"; };
		611FF0121889CD3B00448E65 /* ExampleViewController.xib */ = {isa = PBXFileReference; fileEncoding = 4; lastKnownFileType = file.xib; name = ExampleViewController.xib; path = "Example Classes/ExampleViewController.xib"; sourceTree = "<group>"; };
		6145064C1888B13D00DC9AF7 /* DGCommand.app */ = {isa = PBXFileReference; explicitFileType = wrapper.application; includeInIndex = 0; path = DGCommand.app; sourceTree = BUILT_PRODUCTS_DIR; };
		6145064F1888B13D00DC9AF7 /* Foundation.framework */ = {isa = PBXFileReference; lastKnownFileType = wrapper.framework; name = Foundation.framework; path = System/Library/Frameworks/Foundation.framework; sourceTree = SDKROOT; };
		614506511888B13D00DC9AF7 /* CoreGraphics.framework */ = {isa = PBXFileReference; lastKnownFileType = wrapper.framework; name = CoreGraphics.framework; path = System/Library/Frameworks/CoreGraphics.framework; sourceTree = SDKROOT; };
		614506531888B13D00DC9AF7 /* UIKit.framework */ = {isa = PBXFileReference; lastKnownFileType = wrapper.framework; name = UIKit.framework; path = System/Library/Frameworks/UIKit.framework; sourceTree = SDKROOT; };
		614506571888B13D00DC9AF7 /* DGCommand-Info.plist */ = {isa = PBXFileReference; lastKnownFileType = text.plist.xml; path = "DGCommand-Info.plist"; sourceTree = "<group>"; };
		614506591888B13D00DC9AF7 /* en */ = {isa = PBXFileReference; lastKnownFileType = text.plist.strings; name = en; path = en.lproj/InfoPlist.strings; sourceTree = "<group>"; };
		6145065B1888B13D00DC9AF7 /* main.m */ = {isa = PBXFileReference; lastKnownFileType = sourcecode.c.objc; path = main.m; sourceTree = "<group>"; };
		6145065D1888B13D00DC9AF7 /* DGCommand-Prefix.pch */ = {isa = PBXFileReference; lastKnownFileType = sourcecode.c.h; path = "DGCommand-Prefix.pch"; sourceTree = "<group>"; };
		614506611888B13D00DC9AF7 /* Images.xcassets */ = {isa = PBXFileReference; lastKnownFileType = folder.assetcatalog; path = Images.xcassets; sourceTree = "<group>"; };
		614506681888B13D00DC9AF7 /* XCTest.framework */ = {isa = PBXFileReference; lastKnownFileType = wrapper.framework; name = XCTest.framework; path = Library/Frameworks/XCTest.framework; sourceTree = DEVELOPER_DIR; };
		614506801888B2C200DC9AF7 /* AppDelegate.h */ = {isa = PBXFileReference; fileEncoding = 4; lastKnownFileType = sourcecode.c.h; name = AppDelegate.h; path = "Example Classes/AppDelegate.h"; sourceTree = "<group>"; };
		614506811888B2C200DC9AF7 /* AppDelegate.m */ = {isa = PBXFileReference; fileEncoding = 4; lastKnownFileType = sourcecode.c.objc; name = AppDelegate.m; path = "Example Classes/AppDelegate.m"; sourceTree = "<group>"; };
		614506831888B31A00DC9AF7 /* DGCommand.h */ = {isa = PBXFileReference; fileEncoding = 4; lastKnownFileType = sourcecode.c.h; name = DGCommand.h; path = DGCommand/DGCommand.h; sourceTree = "<group>"; };
		614506841888B31A00DC9AF7 /* DGCommand.m */ = {isa = PBXFileReference; fileEncoding = 4; lastKnownFileType = sourcecode.c.objc; name = DGCommand.m; path = DGCommand/DGCommand.m; sourceTree = "<group>"; };
/* End PBXFileReference section */

/* Begin PBXFrameworksBuildPhase section */
		614506491888B13D00DC9AF7 /* Frameworks */ = {
			isa = PBXFrameworksBuildPhase;
			buildActionMask = 2147483647;
			files = (
				614506521888B13D00DC9AF7 /* CoreGraphics.framework in Frameworks */,
				614506541888B13D00DC9AF7 /* UIKit.framework in Frameworks */,
				614506501888B13D00DC9AF7 /* Foundation.framework in Frameworks */,
			);
			runOnlyForDeploymentPostprocessing = 0;
		};
/* End PBXFrameworksBuildPhase section */

/* Begin PBXGroup section */
		614506431888B13D00DC9AF7 = {
			isa = PBXGroup;
			children = (
				614506551888B13D00DC9AF7 /* DGCommand */,
				6145064E1888B13D00DC9AF7 /* Frameworks */,
				6145064D1888B13D00DC9AF7 /* Products */,
			);
			sourceTree = "<group>";
		};
		6145064D1888B13D00DC9AF7 /* Products */ = {
			isa = PBXGroup;
			children = (
				6145064C1888B13D00DC9AF7 /* DGCommand.app */,
			);
			name = Products;
			sourceTree = "<group>";
		};
		6145064E1888B13D00DC9AF7 /* Frameworks */ = {
			isa = PBXGroup;
			children = (
				6145064F1888B13D00DC9AF7 /* Foundation.framework */,
				614506511888B13D00DC9AF7 /* CoreGraphics.framework */,
				614506531888B13D00DC9AF7 /* UIKit.framework */,
				614506681888B13D00DC9AF7 /* XCTest.framework */,
			);
			name = Frameworks;
			sourceTree = "<group>";
		};
		614506551888B13D00DC9AF7 /* DGCommand */ = {
			isa = PBXGroup;
			children = (
				6145067E1888B19D00DC9AF7 /* DGCommand */,
				6145067F1888B1A300DC9AF7 /* Example Classes */,
				614506611888B13D00DC9AF7 /* Images.xcassets */,
				614506561888B13D00DC9AF7 /* Supporting Files */,
			);
			path = DGCommand;
			sourceTree = "<group>";
		};
		614506561888B13D00DC9AF7 /* Supporting Files */ = {
			isa = PBXGroup;
			children = (
				614506571888B13D00DC9AF7 /* DGCommand-Info.plist */,
				614506581888B13D00DC9AF7 /* InfoPlist.strings */,
				6145065B1888B13D00DC9AF7 /* main.m */,
				6145065D1888B13D00DC9AF7 /* DGCommand-Prefix.pch */,
			);
			name = "Supporting Files";
			sourceTree = "<group>";
		};
		6145067E1888B19D00DC9AF7 /* DGCommand */ = {
			isa = PBXGroup;
			children = (
				614506831888B31A00DC9AF7 /* DGCommand.h */,
				614506841888B31A00DC9AF7 /* DGCommand.m */,
			);
			name = DGCommand;
			sourceTree = "<group>";
		};
		6145067F1888B1A300DC9AF7 /* Example Classes */ = {
			isa = PBXGroup;
			children = (
				614506801888B2C200DC9AF7 /* AppDelegate.h */,
				614506811888B2C200DC9AF7 /* AppDelegate.m */,
				611FF0101889CD3B00448E65 /* ExampleViewController.h */,
				611FF0111889CD3B00448E65 /* ExampleViewController.m */,
				611FF0121889CD3B00448E65 /* ExampleViewController.xib */,
			);
			name = "Example Classes";
			sourceTree = "<group>";
		};
/* End PBXGroup section */

/* Begin PBXNativeTarget section */
		6145064B1888B13D00DC9AF7 /* DGCommand */ = {
			isa = PBXNativeTarget;
			buildConfigurationList = 614506781888B13D00DC9AF7 /* Build configuration list for PBXNativeTarget "DGCommand" */;
			buildPhases = (
				614506481888B13D00DC9AF7 /* Sources */,
				614506491888B13D00DC9AF7 /* Frameworks */,
				6145064A1888B13D00DC9AF7 /* Resources */,
			);
			buildRules = (
			);
			dependencies = (
			);
			name = DGCommand;
			productName = DGCommand;
			productReference = 6145064C1888B13D00DC9AF7 /* DGCommand.app */;
			productType = "com.apple.product-type.application";
		};
/* End PBXNativeTarget section */

/* Begin PBXProject section */
		614506441888B13D00DC9AF7 /* Project object */ = {
			isa = PBXProject;
			attributes = {
				LastUpgradeCheck = 0500;
				ORGANIZATIONNAME = "Devin Gund";
			};
			buildConfigurationList = 614506471888B13D00DC9AF7 /* Build configuration list for PBXProject "DGCommand" */;
			compatibilityVersion = "Xcode 3.2";
			developmentRegion = English;
			hasScannedForEncodings = 0;
			knownRegions = (
				en,
			);
			mainGroup = 614506431888B13D00DC9AF7;
			productRefGroup = 6145064D1888B13D00DC9AF7 /* Products */;
			projectDirPath = "";
			projectRoot = "";
			targets = (
				6145064B1888B13D00DC9AF7 /* DGCommand */,
			);
		};
/* End PBXProject section */

/* Begin PBXResourcesBuildPhase section */
		6145064A1888B13D00DC9AF7 /* Resources */ = {
			isa = PBXResourcesBuildPhase;
			buildActionMask = 2147483647;
			files = (
				6145065A1888B13D00DC9AF7 /* InfoPlist.strings in Resources */,
				611FF0141889CD3B00448E65 /* ExampleViewController.xib in Resources */,
				614506621888B13D00DC9AF7 /* Images.xcassets in Resources */,
			);
			runOnlyForDeploymentPostprocessing = 0;
		};
/* End PBXResourcesBuildPhase section */

/* Begin PBXSourcesBuildPhase section */
		614506481888B13D00DC9AF7 /* Sources */ = {
			isa = PBXSourcesBuildPhase;
			buildActionMask = 2147483647;
			files = (
				614506821888B2C200DC9AF7 /* AppDelegate.m in Sources */,
				611FF0131889CD3B00448E65 /* ExampleViewController.m in Sources */,
				6145065C1888B13D00DC9AF7 /* main.m in Sources */,
				614506851888B31A00DC9AF7 /* DGCommand.m in Sources */,
			);
			runOnlyForDeploymentPostprocessing = 0;
		};
/* End PBXSourcesBuildPhase section */

/* Begin PBXVariantGroup section */
		614506581888B13D00DC9AF7 /* InfoPlist.strings */ = {
			isa = PBXVariantGroup;
			children = (
				614506591888B13D00DC9AF7 /* en */,
			);
			name = InfoPlist.strings;
			sourceTree = "<group>";
		};
/* End PBXVariantGroup section */

/* Begin XCBuildConfiguration section */
		614506761888B13D00DC9AF7 /* Debug */ = {
			isa = XCBuildConfiguration;
			buildSettings = {
				ALWAYS_SEARCH_USER_PATHS = NO;
				ARCHS = "$(ARCHS_STANDARD_INCLUDING_64_BIT)";
				CLANG_CXX_LANGUAGE_STANDARD = "gnu++0x";
				CLANG_CXX_LIBRARY = "libc++";
				CLANG_ENABLE_MODULES = YES;
				CLANG_ENABLE_OBJC_ARC = YES;
				CLANG_WARN_BOOL_CONVERSION = YES;
				CLANG_WARN_CONSTANT_CONVERSION = YES;
				CLANG_WARN_DIRECT_OBJC_ISA_USAGE = YES_ERROR;
				CLANG_WARN_EMPTY_BODY = YES;
				CLANG_WARN_ENUM_CONVERSION = YES;
				CLANG_WARN_INT_CONVERSION = YES;
				CLANG_WARN_OBJC_ROOT_CLASS = YES_ERROR;
				CLANG_WARN__DUPLICATE_METHOD_MATCH = YES;
				"CODE_SIGN_IDENTITY[sdk=iphoneos*]" = "iPhone Developer";
				COPY_PHASE_STRIP = NO;
				GCC_C_LANGUAGE_STANDARD = gnu99;
				GCC_DYNAMIC_NO_PIC = NO;
				GCC_OPTIMIZATION_LEVEL = 0;
				GCC_PREPROCESSOR_DEFINITIONS = (
					"DEBUG=1",
					"$(inherited)",
				);
				GCC_SYMBOLS_PRIVATE_EXTERN = NO;
				GCC_WARN_64_TO_32_BIT_CONVERSION = YES;
				GCC_WARN_ABOUT_RETURN_TYPE = YES_ERROR;
				GCC_WARN_UNDECLARED_SELECTOR = YES;
				GCC_WARN_UNINITIALIZED_AUTOS = YES;
				GCC_WARN_UNUSED_FUNCTION = YES;
				GCC_WARN_UNUSED_VARIABLE = YES;
				IPHONEOS_DEPLOYMENT_TARGET = 4.3;
				ONLY_ACTIVE_ARCH = YES;
				SDKROOT = iphoneos;
				TARGETED_DEVICE_FAMILY = "1,2";
			};
			name = Debug;
		};
		614506771888B13D00DC9AF7 /* Release */ = {
			isa = XCBuildConfiguration;
			buildSettings = {
				ALWAYS_SEARCH_USER_PATHS = NO;
				ARCHS = "$(ARCHS_STANDARD_INCLUDING_64_BIT)";
				CLANG_CXX_LANGUAGE_STANDARD = "gnu++0x";
				CLANG_CXX_LIBRARY = "libc++";
				CLANG_ENABLE_MODULES = YES;
				CLANG_ENABLE_OBJC_ARC = YES;
				CLANG_WARN_BOOL_CONVERSION = YES;
				CLANG_WARN_CONSTANT_CONVERSION = YES;
				CLANG_WARN_DIRECT_OBJC_ISA_USAGE = YES_ERROR;
				CLANG_WARN_EMPTY_BODY = YES;
				CLANG_WARN_ENUM_CONVERSION = YES;
				CLANG_WARN_INT_CONVERSION = YES;
				CLANG_WARN_OBJC_ROOT_CLASS = YES_ERROR;
				CLANG_WARN__DUPLICATE_METHOD_MATCH = YES;
				"CODE_SIGN_IDENTITY[sdk=iphoneos*]" = "iPhone Developer";
				COPY_PHASE_STRIP = YES;
				ENABLE_NS_ASSERTIONS = NO;
				GCC_C_LANGUAGE_STANDARD = gnu99;
				GCC_WARN_64_TO_32_BIT_CONVERSION = YES;
				GCC_WARN_ABOUT_RETURN_TYPE = YES_ERROR;
				GCC_WARN_UNDECLARED_SELECTOR = YES;
				GCC_WARN_UNINITIALIZED_AUTOS = YES;
				GCC_WARN_UNUSED_FUNCTION = YES;
				GCC_WARN_UNUSED_VARIABLE = YES;
				IPHONEOS_DEPLOYMENT_TARGET = 4.3;
				SDKROOT = iphoneos;
				TARGETED_DEVICE_FAMILY = "1,2";
				VALIDATE_PRODUCT = YES;
			};
			name = Release;
		};
		614506791888B13D00DC9AF7 /* Debug */ = {
			isa = XCBuildConfiguration;
			buildSettings = {
				ASSETCATALOG_COMPILER_APPICON_NAME = AppIcon;
				ASSETCATALOG_COMPILER_LAUNCHIMAGE_NAME = LaunchImage;
				GCC_PRECOMPILE_PREFIX_HEADER = YES;
				GCC_PREFIX_HEADER = "DGCommand/DGCommand-Prefix.pch";
				INFOPLIST_FILE = "DGCommand/DGCommand-Info.plist";
				PRODUCT_NAME = "$(TARGET_NAME)";
				TARGETED_DEVICE_FAMILY = 1;
				WRAPPER_EXTENSION = app;
			};
			name = Debug;
		};
		6145067A1888B13D00DC9AF7 /* Release */ = {
			isa = XCBuildConfiguration;
			buildSettings = {
				ASSETCATALOG_COMPILER_APPICON_NAME = AppIcon;
				ASSETCATALOG_COMPILER_LAUNCHIMAGE_NAME = LaunchImage;
				GCC_PRECOMPILE_PREFIX_HEADER = YES;
				GCC_PREFIX_HEADER = "DGCommand/DGCommand-Prefix.pch";
				INFOPLIST_FILE = "DGCommand/DGCommand-Info.plist";
				PRODUCT_NAME = "$(TARGET_NAME)";
				TARGETED_DEVICE_FAMILY = 1;
				WRAPPER_EXTENSION = app;
			};
			name = Release;
		};
/* End XCBuildConfiguration section */

/* Begin XCConfigurationList section */
		614506471888B13D00DC9AF7 /* Build configuration list for PBXProject "DGCommand" */ = {
			isa = XCConfigurationList;
			buildConfigurations = (
				614506761888B13D00DC9AF7 /* Debug */,
				614506771888B13D00DC9AF7 /* Release */,
			);
			defaultConfigurationIsVisible = 0;
			defaultConfigurationName = Release;
		};
		614506781888B13D00DC9AF7 /* Build configuration list for PBXNativeTarget "DGCommand" */ = {
			isa = XCConfigurationList;
			buildConfigurations = (
				614506791888B13D00DC9AF7 /* Debug */,
				6145067A1888B13D00DC9AF7 /* Release */,
			);
			defaultConfigurationIsVisible = 0;
			defaultConfigurationName = Release;
		};
/* End XCConfigurationList section */
	};
	rootObject = 614506441888B13D00DC9AF7 /* Project object */;
}
